
Microsoft Visual Studio Solution File, Format Version 12.00
# Visual Studio Version 16
VisualStudioVersion = 16.0.31727.386
MinimumVisualStudioVersion = 10.0.40219.1
Project("{8BC9CEB8-8B4A-11D0-8D11-00A0C91BC942}") = "bTree", "bTree.vcxproj", "{6859138E-6261-40C5-9FA5-C1CA534B12BF}"
EndProject
Global
	GlobalSection(SolutionConfigurationPlatforms) = preSolution
		Debug|x64 = Debug|x64
		Debug|x86 = Debug|x86
		Release|x64 = Release|x64
		Release|x86 = Release|x86
	EndGlobalSection
	GlobalSection(ProjectConfigurationPlatforms) = postSolution
		{6859138E-6261-40C5-9FA5-C1CA534B12BF}.Debug|x64.ActiveCfg = Debug|x64
		{6859138E-6261-40C5-9FA5-C1CA534B12BF}.Debug|x64.Build.0 = Debug|x64
		{6859138E-6261-40C5-9FA5-C1CA534B12BF}.Debug|x86.ActiveCfg = Debug|Win32
		{6859138E-6261-40C5-9FA5-C1CA534B12BF}.Debug|x86.Build.0 = Debug|Win32
		{6859138E-6261-40C5-9FA5-C1CA534B12BF}.Release|x64.ActiveCfg = Release|x64
		{6859138E-6261-40C5-9FA5-C1CA534B12BF}.Release|x64.Build.0 = Release|x64
		{6859138E-6261-40C5-9FA5-C1CA534B12BF}.Release|x86.ActiveCfg = Release|Win32
		{6859138E-6261-40C5-9FA5-C1CA534B12BF}.Release|x86.Build.0 = Release|Win32
	EndGlobalSection
	GlobalSection(SolutionProperties) = preSolution
		HideSolutionNode = FALSE
	EndGlobalSection
	GlobalSection(ExtensibilityGlobals) = postSolution
		SolutionGuid = {DD1FC7C3-3D18-4077-A6AC-3A3DCC705962}
	EndGlobalSection
EndGlobal
